Microsoft Visual Studio Solution File, Format Version 12.00
# Visual Studio Version 17
VisualStudioVersion = 17.5.2.0
MinimumVisualStudioVersion = 10.0.40219.1
Project("{2150E333-8FDC-42A3-9474-1A3956D46DE8}") = "next-gen", "next-gen", "{0113CF08-64B1-5750-1F12-95A036500378}"
EndProject
Project("{FAE04EC0-301F-11D3-BF4B-00C04F79EFBC}") = "PhillyRTSToolkit", "next-gen\desktop\PhillyRTSToolkit.csproj", "{421CA6B6-F1AA-0046-C5ED-31B0927E2F92}"
EndProject
Global
	GlobalSection(SolutionConfigurationPlatforms) = preSolution
		Debug|Any CPU = Debug|Any CPU
		Release|Any CPU = Release|Any CPU
	EndGlobalSection
	GlobalSection(ProjectConfigurationPlatforms) = postSolution
		{421CA6B6-F1AA-0046-C5ED-31B0927E2F92}.Debug|Any CPU.ActiveCfg = Debug|Any CPU
		{421CA6B6-F1AA-0046-C5ED-31B0927E2F92}.Debug|Any CPU.Build.0 = Debug|Any CPU
		{421CA6B6-F1AA-0046-C5ED-31B0927E2F92}.Release|Any CPU.ActiveCfg = Release|Any CPU
		{421CA6B6-F1AA-0046-C5ED-31B0927E2F92}.Release|Any CPU.Build.0 = Release|Any CPU
	EndGlobalSection
	GlobalSection(SolutionProperties) = preSolution
		HideSolutionNode = FALSE
	EndGlobalSection
	GlobalSection(NestedProjects) = preSolution
		{421CA6B6-F1AA-0046-C5ED-31B0927E2F92} = {0113CF08-64B1-5750-1F12-95A036500378}
	EndGlobalSection
	GlobalSection(ExtensibilityGlobals) = postSolution
		SolutionGuid = {6CEEB3C7-D39C-415E-B7A3-6161220281F7}
	EndGlobalSection
EndGlobal
